{
    "_readme": [
        "This file locks the dependencies of your project to a known state",
        "Read more about it at http://getcomposer.org/doc/01-basic-usage.md#composer-lock-the-lock-file"
    ],
    "hash": "808fac64c7d5f0448b7a5babbfd4d4c6",
    "packages": [
        {
            "name": "hipchat/hipchat-php",
            "version": "v1.2",
            "source": {
                "type": "git",
                "url": "https://github.com/hipchat/hipchat-php.git",
                "reference": "49e62eb4dbb651af2547795efd777e8eb737d755"
            },
            "dist": {
                "type": "zip",
                "url": "https://api.github.com/repos/hipchat/hipchat-php/zipball/49e62eb4dbb651af2547795efd777e8eb737d755",
                "reference": "49e62eb4dbb651af2547795efd777e8eb737d755",
                "shasum": ""
            },
            "require": {
                "php": ">=5.3.0"
            },
            "type": "library",
            "autoload": {
                "psr-0": {
                    "HipChat": "src"
                }
            },
            "notification-url": "https://packagist.org/downloads/",
            "license": [
                "MIT"
            ],
            "authors": [
                {
                    "name": "HipChat",
                    "email": "support@hipchat.com",
                    "homepage": "https://www.hipchat.com",
                    "role": "Company"
                }
            ],
            "description": "PHP library for HipChat",
            "homepage": "http://github.com/hipchat/hipchat-php",
            "keywords": [
                "hipchat"
            ],
            "time": "2012-11-30 16:47:14"
        }
    ],
    "packages-dev": [],
    "aliases": [],
    "minimum-stability": "stable",
    "stability-flags": [],
    "platform": [],
    "platform-dev": []
}
